# THIS IS AN AUTOGENERATED FILE. DO NOT EDIT THIS FILE DIRECTLY.
# yarn lockfile v1


humps@^2.0.1:
  version "2.0.1"
  resolved "https://registry.yarnpkg.com/humps/-/humps-2.0.1.tgz#dd02ea6081bd0568dc5d073184463957ba9ef9aa"
  integrity sha1-3QLqYIG9BWjcXQcxhEY5V7qe+ao=

lodash@^4.17.15:
  version "4.17.15"
  resolved "https://registry.yarnpkg.com/lodash/-/lodash-4.17.15.tgz#b447f6670a0455bbfeedd11392eff330ea097548"
  integrity sha512-8xOcRHvCjnocdS5cpwXQXVzmmh5e5+saE2QGoeQmbKmRS6J3VQppPOIt0MnmE+4xlZoumy0GPG0D0MVIQbNA1A==

popper.js@^1.14.7, popper.js@^1.16.0:
  version "1.16.1"
  resolved "https://registry.yarnpkg.com/popper.js/-/popper.js-1.16.1.tgz#2a223cb3dc7b6213d740e40372be40de43e65b1b"
  integrity sha512-Wb4p1J4zyFTbM+u6WuO4XstYx4Ky9Cewe4DWrel7B0w6VVICvPwdOpotjzcf6eD8TsckVnIMNONQyPIUFOUbCQ==

tippy.js@^4.3.5:
  version "4.3.5"
  resolved "https://registry.yarnpkg.com/tippy.js/-/tippy.js-4.3.5.tgz#882bff8d92f09bb0546d2826d5668c0560006f54"
  integrity sha512-NDq3efte8nGK6BOJ1dDN1/WelAwfmh3UtIYXXck6+SxLzbIQNZE/cmRSnwScZ/FyiKdIcvFHvYUgqmoGx8CcyA==
  dependencies:
    popper.js "^1.14.7"

v-tooltip@^2.0.3:
  version "2.0.3"
  resolved "https://registry.yarnpkg.com/v-tooltip/-/v-tooltip-2.0.3.tgz#34fd64096656f032b1616567bf62f6165c57d529"
  integrity sha512-KZZY3s+dcijzZmV2qoDH4rYmjMZ9YKGBVoUznZKQX0e3c2GjpJm3Sldzz8HHH2Ud87JqhZPB4+4gyKZ6m98cKQ==
  dependencies:
    lodash "^4.17.15"
    popper.js "^1.16.0"
    vue-resize "^0.4.5"

vue-resize@^0.4.5:
  version "0.4.5"
  resolved "https://registry.yarnpkg.com/vue-resize/-/vue-resize-0.4.5.tgz#4777a23042e3c05620d9cbda01c0b3cc5e32dcea"
  integrity sha512-bhP7MlgJQ8TIkZJXAfDf78uJO+mEI3CaLABLjv0WNzr4CcGRGPIAItyWYnP6LsPA4Oq0WE+suidNs6dgpO4RHg==

vue-tippy@^4.4.0:
  version "4.4.0"
  resolved "https://registry.yarnpkg.com/vue-tippy/-/vue-tippy-4.4.0.tgz#184d9d35efbd08e17c410ddab248999c039b89d5"
  integrity sha512-3UgRjCgVHZFP613dU5tMv2lEgoiGP8A/HJ1OSmbaitL2A4bpv5N5sXTXVBkDDJRZJ/ZLr6NHIRrB/t50ajXpKA==
  dependencies:
    humps "^2.0.1"
    tippy.js "^4.3.5"
